
Microsoft Visual Studio Solution File, Format Version 12.00
# Visual Studio 15
VisualStudioVersion = 15.0.26124.0
MinimumVisualStudioVersion = 15.0.26124.0
Project("{2150E333-8FDC-42A3-9474-1A3956D46DE8}") = "src", "src", "{90DF3A26-2EFA-4EAD-8361-37EA7CF2A3E9}"
EndProject
Project("{FAE04EC0-301F-11D3-BF4B-00C04F79EFBC}") = "AspNetCore.Consul.Config", "src\AspNetCore.Consul.Config\AspNetCore.Consul.Config.csproj", "{7DE58EB8-CD45-4EE5-A16D-121512C38D55}"
EndProject
Global
	GlobalSection(SolutionProperties) = preSolution
		HideSolutionNode = FALSE
	EndGlobalSection
	GlobalSection(SolutionConfigurationPlatforms) = preSolution
		Debug|Any CPU = Debug|Any CPU
		Debug|x64 = Debug|x64
		Debug|x86 = Debug|x86
		Release|Any CPU = Release|Any CPU
		Release|x64 = Release|x64
		Release|x86 = Release|x86
	EndGlobalSection
	GlobalSection(ProjectConfigurationPlatforms) = postSolution
		{7DE58EB8-CD45-4EE5-A16D-121512C38D55}.Debug|Any CPU.ActiveCfg = Debug|Any CPU
		{7DE58EB8-CD45-4EE5-A16D-121512C38D55}.Debug|Any CPU.Build.0 = Debug|Any CPU
		{7DE58EB8-CD45-4EE5-A16D-121512C38D55}.Debug|x64.ActiveCfg = Debug|Any CPU
		{7DE58EB8-CD45-4EE5-A16D-121512C38D55}.Debug|x64.Build.0 = Debug|Any CPU
		{7DE58EB8-CD45-4EE5-A16D-121512C38D55}.Debug|x86.ActiveCfg = Debug|Any CPU
		{7DE58EB8-CD45-4EE5-A16D-121512C38D55}.Debug|x86.Build.0 = Debug|Any CPU
		{7DE58EB8-CD45-4EE5-A16D-121512C38D55}.Release|Any CPU.ActiveCfg = Release|Any CPU
		{7DE58EB8-CD45-4EE5-A16D-121512C38D55}.Release|Any CPU.Build.0 = Release|Any CPU
		{7DE58EB8-CD45-4EE5-A16D-121512C38D55}.Release|x64.ActiveCfg = Release|Any CPU
		{7DE58EB8-CD45-4EE5-A16D-121512C38D55}.Release|x64.Build.0 = Release|Any CPU
		{7DE58EB8-CD45-4EE5-A16D-121512C38D55}.Release|x86.ActiveCfg = Release|Any CPU
		{7DE58EB8-CD45-4EE5-A16D-121512C38D55}.Release|x86.Build.0 = Release|Any CPU
	EndGlobalSection
	GlobalSection(NestedProjects) = preSolution
		{7DE58EB8-CD45-4EE5-A16D-121512C38D55} = {90DF3A26-2EFA-4EAD-8361-37EA7CF2A3E9}
	EndGlobalSection
EndGlobal
